# THIS IS AN AUTOGENERATED FILE. DO NOT EDIT THIS FILE DIRECTLY.
# yarn lockfile v1


"@node-ts/code-standards@^0.0.8":
  version "0.0.8"
  resolved "https://registry.yarnpkg.com/@node-ts/code-standards/-/code-standards-0.0.8.tgz#494d624b89b3f0e5e552c7fb850bf16ecaea1f21"
  integrity sha512-ouojcvaGJrxdLhHjZ1WIjyaFPAUWG/U+U/jY2TxDZM0KpNLGlX6cyutiTzfUYODvfZ/tLSD+eEVx/UIFE923Bg==

tslib@^1.9.3:
  version "1.9.3"
  resolved "https://registry.yarnpkg.com/tslib/-/tslib-1.9.3.tgz#d7e4dd79245d85428c4d7e4822a79917954ca286"
  integrity sha512-4krF8scpejhaOgqzBEcGM7yDIEfi0/8+8zDRZhNZZ2kjmHJ4hv3zCbQWxoJGz1iw5U0Jl0nma13xzHXcncMavQ==

typescript@^3.3.3:
  version "3.3.3"
  resolved "https://registry.yarnpkg.com/typescript/-/typescript-3.3.3.tgz#f1657fc7daa27e1a8930758ace9ae8da31403221"
  integrity sha512-Y21Xqe54TBVp+VDSNbuDYdGw0BpoR/Q6wo/+35M8PAU0vipahnyduJWirxxdxjsAkS7hue53x2zp8gz7F05u0A==
