# THIS IS AN AUTOGENERATED FILE. DO NOT EDIT THIS FILE DIRECTLY.
# yarn lockfile v1


"@node-ts/code-standards@^0.0.10":
  version "0.0.10"
  resolved "https://registry.yarnpkg.com/@node-ts/code-standards/-/code-standards-0.0.10.tgz#0393a085f0ca0a6d7470d8f7e733b091b2671e0e"
  integrity sha512-6tWLW8r5HV8BGBwGZ6QBFKDpNrGJZfyCd8KkUk+BXAJX/NS/6qw8dxVwjk6atCbSgSxjpp37CjCH9uDRPdLnBA==

tslib@^1.11.1:
  version "1.11.2"
  resolved "https://registry.yarnpkg.com/tslib/-/tslib-1.11.2.tgz#9c79d83272c9a7aaf166f73915c9667ecdde3cc9"
  integrity sha512-tTSkux6IGPnUGUd1XAZHcpu85MOkIl5zX49pO+jfsie3eP0B6pyhOlLXm3cAC6T7s+euSDDUUV+Acop5WmtkVg==

typescript@^3.3.3:
  version "3.3.3"
  resolved "https://registry.yarnpkg.com/typescript/-/typescript-3.3.3.tgz#f1657fc7daa27e1a8930758ace9ae8da31403221"
  integrity sha512-Y21Xqe54TBVp+VDSNbuDYdGw0BpoR/Q6wo/+35M8PAU0vipahnyduJWirxxdxjsAkS7hue53x2zp8gz7F05u0A==
